{
    "_meta": {
        "hash": {
            "sha256": "e0682a6afb2da7a5a641e8cf15e3cad502e62405de286d3b307478680f077b9f"
        },
        "pipfile-spec": 6,
        "requires": {
            "python_version": "3.10"
        },
        "sources": [
            {
                "name": "pypi",
                "url": "https://pypi.org/simple",
                "verify_ssl": true
            }
        ]
    },
    "default": {
        "duckdb": {
            "hashes": [
                "sha256:02453b0be9b7c7f2f1f4a76fdec6daeb68a6b7a1a895276204de0c7614739f85",
                "sha256:05cc9fc36e39834b6a56097827414ea490bf84dec0a11ed5b7f318ec63492d43",
                "sha256:13302eb2503f7b514992a4edfbc3acc58ee7b0b900075a8cb8667e797d4a092b",
                "sha256:15bef07aae5f53a79d351d2a30bdb6b4597968a448f5f8d4950c4fd5d5eb69ba",
                "sha256:1937fbcfc52f0841a1a78bf3f266999d549c20c7756ba76a82f178ec406b4e43",
                "sha256:19fef8b1ac465041b9b11bcde85ddb67bc8cc8ea00767a771e247c75e1ed7e69",
                "sha256:23ec9c03913fdb47d2682495736191ac6da1322206310445dd9bcf7504612f00",
                "sha256:24979112b1e6d825011475f14b7981e661e0a3b9eb94b5543fd4b41e80bc9730",
                "sha256:2c564cad6fdda970e0327e0db1b1328ed8c22b544fbc02038eed9c7575c7683f",
                "sha256:3181e1f7bf691198acbbf130785c14de4ed7819d506f8d8332af31785b513713",
                "sha256:4355cd415180ec055621ce7484883c3282bb130fd6585f5162208ddd84780aba",
                "sha256:4c9a45411cd782adfc6aa20dedc3c20a60fa5eb174b6fe75c627c40301328adc",
                "sha256:5a508c0b0c5c04ddd7eefb9c1297a1ee1cc5e1b0884aa543e5ef1d38f4d60c87",
                "sha256:6146a22f36e18b5500d8c7e505bd7ef94db9515c8d4698d4d4311e80bd999ef7",
                "sha256:646025ee292fde91b83e95f338350379e3c1b075b6289d349c9bc6871ffa359f",
                "sha256:6ff945002ae1ae69c5e66717c8e268677b4f5df155ae4ef8afd89fcfad3c4468",
                "sha256:7355b99252650d7abda5eadd51c13206e147b4a122dc03e19bf75be2b86b3f70",
                "sha256:79a71903524e5567b8455cf329a12611340141c24191cd2181928a6e22ad2a3b",
                "sha256:7fb912082b56e3cb71e91bd429bd8d72e71d493dd1cbd814c797ef1e304e9ac7",
                "sha256:8bc08c6326b7004b522fd0c5bad2bf60911f0a507a43014a8ffbdccc066630db",
                "sha256:8cf796bd3e6086268eef81a7b085eab433d9a1c84209c0644de5026befd1e3fc",
                "sha256:937eff2dd69d8356cb358acd849f9e797a2cce1913b9acd21476195a287e9a72",
                "sha256:975d84303e70ec376dee98292dfbf8915ed2fb5a434fcbf5d1cd28e08dfbab38",
                "sha256:9a0b44e6e989cba392d6252b263ab543d915dd43ae203f168f948a78cee323ab",
                "sha256:9a52d2e244721d154b89befe72192d816f1ec9ea98f0823f7f993f74d4ee8563",
                "sha256:a36c418497005ae34b809f8e86eda22a800c9adf963587bbbaa45734e38c8725",
                "sha256:b36b7e4662839f6a4e6ac8869882bc763d510c72b99e5523189964fad897b34c",
                "sha256:b4cc87369d6fdb3838726c070802b4b39dda01cc14d668dd1abfe3b94187a200",
                "sha256:b760614e975034afc28914ea8f362c25c19d778f87888183244ff3e16f0ba404",
                "sha256:bd03c932ee5c9d390516f464a473b53de2da218cb4e0e240e674065a7dc2264a",
                "sha256:c3dc197896d355ec88c011e396b5af3ec9a0005b7214366fa1d771b365a41533",
                "sha256:d57652ba94c36e35754c3efe71964ecec72a4191505203a892e3e1ed707e980c",
                "sha256:d7777ff765d33c4c51f63b7eb023babf2058f85982de96bec71727da9aa68512",
                "sha256:ebb8fffb41b858cb3d429345c037a349a927de826e8367f7e8443085b11c66aa",
                "sha256:ed97f88fc567db44521ac3369dc161ba74fc2f068915c7fb1f52ad2a1a15f227",
                "sha256:ee9420d094cb77a4837f89383f4bb1f1dfe15e36b07702e4526e3a13b4ed36d4",
                "sha256:f81bde5e52f2cbe0629ebd82d34b5ffdfae53da8970a467342765da1d4047d03",
                "sha256:f87890a85d69ee9d66a9d19aebaf140dbab3a8a28c83de38372a330f15029229"
            ],
            "index": "pypi",
            "version": "==0.5.1"
        },
        "joblib": {
            "hashes": [
                "sha256:091138ed78f800342968c523bdde947e7a305b8594b910a0fea2ab83c3c6d385",
                "sha256:e1cee4a79e4af22881164f218d4311f60074197fb707e082e803b61f6d137018"
            ],
            "markers": "python_version >= '3.7'",
            "version": "==1.2.0"
        },
        "numpy": {
            "hashes": [
                "sha256:0fe563fc8ed9dc4474cbf70742673fc4391d70f4363f917599a7fa99f042d5a8",
                "sha256:12ac457b63ec8ded85d85c1e17d85efd3c2b0967ca39560b307a35a6703a4735",
                "sha256:2341f4ab6dba0834b685cce16dad5f9b6606ea8a00e6da154f5dbded70fdc4dd",
                "sha256:296d17aed51161dbad3c67ed6d164e51fcd18dbcd5dd4f9d0a9c6055dce30810",
                "sha256:488a66cb667359534bc70028d653ba1cf307bae88eab5929cd707c761ff037db",
                "sha256:4d52914c88b4930dafb6c48ba5115a96cbab40f45740239d9f4159c4ba779962",
                "sha256:5e13030f8793e9ee42f9c7d5777465a560eb78fa7e11b1c053427f2ccab90c79",
                "sha256:61be02e3bf810b60ab74e81d6d0d36246dbfb644a462458bb53b595791251911",
                "sha256:7607b598217745cc40f751da38ffd03512d33ec06f3523fb0b5f82e09f6f676d",
                "sha256:7a70a7d3ce4c0e9284e92285cba91a4a3f5214d87ee0e95928f3614a256a1488",
                "sha256:7ab46e4e7ec63c8a5e6dbf5c1b9e1c92ba23a7ebecc86c336cb7bf3bd2fb10e5",
                "sha256:8981d9b5619569899666170c7c9748920f4a5005bf79c72c07d08c8a035757b0",
                "sha256:8c053d7557a8f022ec823196d242464b6955a7e7e5015b719e76003f63f82d0f",
                "sha256:926db372bc4ac1edf81cfb6c59e2a881606b409ddc0d0920b988174b2e2a767f",
                "sha256:95d79ada05005f6f4f337d3bb9de8a7774f259341c70bc88047a1f7b96a4bcb2",
                "sha256:95de7dc7dc47a312f6feddd3da2500826defdccbc41608d0031276a24181a2c0",
                "sha256:a0882323e0ca4245eb0a3d0a74f88ce581cc33aedcfa396e415e5bba7bf05f68",
                "sha256:a8365b942f9c1a7d0f0dc974747d99dd0a0cdfc5949a33119caf05cb314682d3",
                "sha256:a8aae2fb3180940011b4862b2dd3756616841c53db9734b27bb93813cd79fce6",
                "sha256:c237129f0e732885c9a6076a537e974160482eab8f10db6292e92154d4c67d71",
                "sha256:c67b833dbccefe97cdd3f52798d430b9d3430396af7cdb2a0c32954c3ef73894",
                "sha256:ce03305dd694c4873b9429274fd41fc7eb4e0e4dea07e0af97a933b079a5814f",
                "sha256:d331afac87c92373826af83d2b2b435f57b17a5c74e6268b79355b970626e329",
                "sha256:dada341ebb79619fe00a291185bba370c9803b1e1d7051610e01ed809ef3a4ba",
                "sha256:ed2cc92af0efad20198638c69bb0fc2870a58dabfba6eb722c933b48556c686c",
                "sha256:f260da502d7441a45695199b4e7fd8ca87db659ba1c78f2bbf31f934fe76ae0e",
                "sha256:f2f390aa4da44454db40a1f0201401f9036e8d578a25f01a6e237cea238337ef",
                "sha256:f76025acc8e2114bb664294a07ede0727aa75d63a06d2fae96bf29a81747e4a7"
            ],
            "markers": "python_version >= '3.8'",
            "version": "==1.23.4"
        },
        "pandas": {
            "hashes": [
                "sha256:04e51b01d5192499390c0015630975f57836cc95c7411415b499b599b05c0c96",
                "sha256:05c527c64ee02a47a24031c880ee0ded05af0623163494173204c5b72ddce658",
                "sha256:0a78e05ec09731c5b3bd7a9805927ea631fe6f6cb06f0e7c63191a9a778d52b4",
                "sha256:17da7035d9e6f9ea9cdc3a513161f8739b8f8489d31dc932bc5a29a27243f93d",
                "sha256:249cec5f2a5b22096440bd85c33106b6102e0672204abd2d5c014106459804ee",
                "sha256:2c25e5c16ee5c0feb6cf9d982b869eec94a22ddfda9aa2fbed00842cbb697624",
                "sha256:32e3d9f65606b3f6e76555bfd1d0b68d94aff0929d82010b791b6254bf5a4b96",
                "sha256:36aa1f8f680d7584e9b572c3203b20d22d697c31b71189322f16811d4ecfecd3",
                "sha256:5b0c970e2215572197b42f1cff58a908d734503ea54b326412c70d4692256391",
                "sha256:5cee0c74e93ed4f9d39007e439debcaadc519d7ea5c0afc3d590a3a7b2edf060",
                "sha256:669c8605dba6c798c1863157aefde959c1796671ffb342b80fcb80a4c0bc4c26",
                "sha256:66a1ad667b56e679e06ba73bb88c7309b3f48a4c279bd3afea29f65a766e9036",
                "sha256:683779e5728ac9138406c59a11e09cd98c7d2c12f0a5fc2b9c5eecdbb4a00075",
                "sha256:6bb391659a747cf4f181a227c3e64b6d197100d53da98dcd766cc158bdd9ec68",
                "sha256:81f0674fa50b38b6793cd84fae5d67f58f74c2d974d2cb4e476d26eee33343d0",
                "sha256:927e59c694e039c75d7023465d311277a1fc29ed7236b5746e9dddf180393113",
                "sha256:932d2d7d3cab44cfa275601c982f30c2d874722ef6396bb539e41e4dc4618ed4",
                "sha256:a52419d9ba5906db516109660b114faf791136c94c1a636ed6b29cbfff9187ee",
                "sha256:b156a971bc451c68c9e1f97567c94fd44155f073e3bceb1b0d195fd98ed12048",
                "sha256:bcf1a82b770b8f8c1e495b19a20d8296f875a796c4fe6e91da5ef107f18c5ecb",
                "sha256:cb2a9cf1150302d69bb99861c5cddc9c25aceacb0a4ef5299785d0f5389a3209",
                "sha256:d8c709f4700573deb2036d240d140934df7e852520f4a584b2a8d5443b71f54d",
                "sha256:db45b94885000981522fb92349e6b76f5aee0924cc5315881239c7859883117d",
                "sha256:ddf46b940ef815af4e542697eaf071f0531449407a7607dd731bf23d156e20a7",
                "sha256:e675f8fe9aa6c418dc8d3aac0087b5294c1a4527f1eacf9fe5ea671685285454",
                "sha256:eb7e8cf2cf11a2580088009b43de84cabbf6f5dae94ceb489f28dba01a17cb77",
                "sha256:f340331a3f411910adfb4bbe46c2ed5872d9e473a783d7f14ecf49bc0869c594"
            ],
            "index": "pypi",
            "version": "==1.5.1"
        },
        "python-dateutil": {
            "hashes": [
                "sha256:0123cacc1627ae19ddf3c27a5de5bd67ee4586fbdd6440d9748f8abb483d3e86",
                "sha256:961d03dc3453ebbc59dbdea9e4e11c5651520a876d0f4db161e8674aae935da9"
            ],
            "markers": "python_version >= '2.7' and python_version not in '3.0, 3.1, 3.2, 3.3'",
            "version": "==2.8.2"
        },
        "pytz": {
            "hashes": [
                "sha256:222439474e9c98fced559f1709d89e6c9cbf8d79c794ff3eb9f8800064291427",
                "sha256:e89512406b793ca39f5971bc999cc538ce125c0e51c27941bef4568b460095e2"
            ],
            "version": "==2022.6"
        },
        "scikit-learn": {
            "hashes": [
                "sha256:23fb9e74b813cc2528b5167d82ed08950b11106ccf50297161875e45152fb311",
                "sha256:250da993701da88bf475e7c5746abf1285ea0ae47e4d0917cd13afd6600bb162",
                "sha256:28b2bd6a1419acd522ff45d282c8ba23dbccb5338802ab0ee12baa4ade0aba4c",
                "sha256:2ee2c649f2231b68511aabb0dc827edd8936aad682acc6263c34aed11bc95dac",
                "sha256:30e27721adc308e8fd9f419f43068e43490005f911edf4476a9e585059fa8a83",
                "sha256:38814f66285318f2e241305cca545eaa9b4126c65aa5dd78c69371f235f78e2b",
                "sha256:4d3a19166d4e1cdfcab975c68f471e046ce01e74c42a9a33fa89a14c2fcedf60",
                "sha256:5699cded6c0685426433c7e5afe0fecad80ec831ec7fa264940e50c796775cc5",
                "sha256:6785b8a3093329bf90ac01801be5525551728ae73edb11baa175df660820add4",
                "sha256:6d1c1394e38a3319ace620381f6f23cc807d8780e9915c152449a86fc8f1db21",
                "sha256:701181792a28c82fecae12adb5d15d0ecf57bffab7cf4bdbb52c7b3fd428d540",
                "sha256:748f2bd632d6993e8918d43f1a26c380aeda4e122a88840d4c3a9af99d4239fe",
                "sha256:8e9dd76c7274055d1acf4526b8efb16a3531c26dcda714a0c16da99bf9d41900",
                "sha256:bef51978a51ec19977700fe7b86aecea49c825884f3811756b74a3b152bb4e35",
                "sha256:cd55c6fbef7608dbce1f22baf289dfcc6eb323247daa3c3542f73d389c724786",
                "sha256:da5a2e95fef9805b1750e4abda4e834bf8835d26fc709a391543b53feee7bd0e",
                "sha256:ee47f68d973cee7009f06edb956f2f5588a0f230f24a2a70175fd0ecf36e2653",
                "sha256:f4931f2a6c06e02c6c17a05f8ae397e2545965bc7a0a6cb38c8cd7d4fba8624d",
                "sha256:f5644663987ee221f5d1f47a593271b966c271c236fe05634e6bdc06041b5a2b",
                "sha256:f5d4231af7199531e77da1b78a4cc6b3d960a00b1ec672578ac818aae2b9c35d",
                "sha256:fd3ee69d36d42a7dcbb17e355a5653af5fd241a7dfd9133080b3dde8d9e2aafb"
            ],
            "index": "pypi",
            "version": "==1.1.3"
        },
        "scipy": {
            "hashes": [
                "sha256:06d2e1b4c491dc7d8eacea139a1b0b295f74e1a1a0f704c375028f8320d16e31",
                "sha256:0d54222d7a3ba6022fdf5773931b5d7c56efe41ede7f7128c7b1637700409108",
                "sha256:1884b66a54887e21addf9c16fb588720a8309a57b2e258ae1c7986d4444d3bc0",
                "sha256:1a72d885fa44247f92743fc20732ae55564ff2a519e8302fb7e18717c5355a8b",
                "sha256:2318bef588acc7a574f5bfdff9c172d0b1bf2c8143d9582e05f878e580a3781e",
                "sha256:4db5b30849606a95dcf519763dd3ab6fe9bd91df49eba517359e450a7d80ce2e",
                "sha256:545c83ffb518094d8c9d83cce216c0c32f8c04aaf28b92cc8283eda0685162d5",
                "sha256:5a04cd7d0d3eff6ea4719371cbc44df31411862b9646db617c99718ff68d4840",
                "sha256:5b88e6d91ad9d59478fafe92a7c757d00c59e3bdc3331be8ada76a4f8d683f58",
                "sha256:68239b6aa6f9c593da8be1509a05cb7f9efe98b80f43a5861cd24c7557e98523",
                "sha256:83b89e9586c62e787f5012e8475fbb12185bafb996a03257e9675cd73d3736dd",
                "sha256:83c06e62a390a9167da60bedd4575a14c1f58ca9dfde59830fc42e5197283dab",
                "sha256:90453d2b93ea82a9f434e4e1cba043e779ff67b92f7a0e85d05d286a3625df3c",
                "sha256:abaf921531b5aeaafced90157db505e10345e45038c39e5d9b6c7922d68085cb",
                "sha256:b41bc822679ad1c9a5f023bc93f6d0543129ca0f37c1ce294dd9d386f0a21096",
                "sha256:c68db6b290cbd4049012990d7fe71a2abd9ffbe82c0056ebe0f01df8be5436b0",
                "sha256:cff3a5295234037e39500d35316a4c5794739433528310e117b8a9a0c76d20fc",
                "sha256:d01e1dd7b15bd2449c8bfc6b7cc67d630700ed655654f0dfcf121600bad205c9",
                "sha256:d644a64e174c16cb4b2e41dfea6af722053e83d066da7343f333a54dae9bc31c",
                "sha256:da8245491d73ed0a994ed9c2e380fd058ce2fa8a18da204681f2fe1f57f98f95",
                "sha256:fbc5c05c85c1a02be77b1ff591087c83bc44579c6d2bd9fb798bb64ea5e1a027"
            ],
            "markers": "python_version >= '3.8'",
            "version": "==1.9.3"
        },
        "six": {
            "hashes": [
                "sha256:1e61c37477a1626458e36f7b1d82aa5c9b094fa4802892072e49de9c60c4c926",
                "sha256:8abb2f1d86890a2dfb989f9a77cfcfd3e47c2a354b01111771326f8aa26e0254"
            ],
            "markers": "python_version >= '2.7' and python_version not in '3.0, 3.1, 3.2, 3.3'",
            "version": "==1.16.0"
        },
        "threadpoolctl": {
            "hashes": [
                "sha256:8b99adda265feb6773280df41eece7b2e6561b772d21ffd52e372f999024907b",
                "sha256:a335baacfaa4400ae1f0d8e3a58d6674d2f8828e3716bb2802c44955ad391380"
            ],
            "markers": "python_version >= '3.6'",
            "version": "==3.1.0"
        }
    },
    "develop": {
        "appnope": {
            "hashes": [
                "sha256:02bd91c4de869fbb1e1c50aafc4098827a7a54ab2f39d9dcba6c9547ed920e24",
                "sha256:265a455292d0bd8a72453494fa24df5a11eb18373a60c7c0430889f22548605e"
            ],
            "markers": "platform_system == 'Darwin'",
            "version": "==0.1.3"
        },
        "asttokens": {
            "hashes": [
                "sha256:1b28ed85e254b724439afc783d4bee767f780b936c3fe8b3275332f42cf5f561",
                "sha256:4aa76401a151c8cc572d906aad7aea2a841780834a19d780f4321c0fe1b54635"
            ],
            "version": "==2.1.0"
        },
        "backcall": {
            "hashes": [
                "sha256:5cbdbf27be5e7cfadb448baf0aa95508f91f2bbc6c6437cd9cd06e2a4c215e1e",
                "sha256:fbbce6a29f263178a1f7915c1940bde0ec2b2a967566fe1c65c1dfb7422bd255"
            ],
            "version": "==0.2.0"
        },
        "debugpy": {
            "hashes": [
                "sha256:34d2cdd3a7c87302ba5322b86e79c32c2115be396f3f09ca13306d8a04fe0f16",
                "sha256:3c9f985944a30cfc9ae4306ac6a27b9c31dba72ca943214dad4a0ab3840f6161",
                "sha256:4e255982552b0edfe3a6264438dbd62d404baa6556a81a88f9420d3ed79b06ae",
                "sha256:5ad571a36cec137ae6ed951d0ff75b5e092e9af6683da084753231150cbc5b25",
                "sha256:6efc30325b68e451118b795eff6fe8488253ca3958251d5158106d9c87581bc6",
                "sha256:7c302095a81be0d5c19f6529b600bac971440db3e226dce85347cc27e6a61908",
                "sha256:84c39940a0cac410bf6aa4db00ba174f973eef521fbe9dd058e26bcabad89c4f",
                "sha256:86d784b72c5411c833af1cd45b83d80c252b77c3bfdb43db17c441d772f4c734",
                "sha256:adcfea5ea06d55d505375995e150c06445e2b20cd12885bcae566148c076636b",
                "sha256:b8deaeb779699350deeed835322730a3efec170b88927debc9ba07a1a38e2585",
                "sha256:c4b2bd5c245eeb49824bf7e539f95fb17f9a756186e51c3e513e32999d8846f3",
                "sha256:c4cd6f37e3c168080d61d698390dfe2cd9e74ebf80b448069822a15dadcda57d",
                "sha256:cca23cb6161ac89698d629d892520327dd1be9321c0960e610bbcb807232b45d",
                "sha256:d5c814596a170a0a58fa6fad74947e30bfd7e192a5d2d7bd6a12156c2899e13a",
                "sha256:daadab4403427abd090eccb38d8901afd8b393e01fd243048fab3f1d7132abb4",
                "sha256:dda8652520eae3945833e061cbe2993ad94a0b545aebd62e4e6b80ee616c76b2",
                "sha256:e8922090514a890eec99cfb991bab872dd2e353ebb793164d5f01c362b9a40bf",
                "sha256:fc233a0160f3b117b20216f1169e7211b83235e3cd6749bcdd8dbb72177030c7"
            ],
            "markers": "python_version >= '3.7'",
            "version": "==1.6.3"
        },
        "decorator": {
            "hashes": [
                "sha256:637996211036b6385ef91435e4fae22989472f9d571faba8927ba8253acbc330",
                "sha256:b8c3f85900b9dc423225913c5aace94729fe1fa9763b38939a95226f02d37186"
            ],
            "markers": "python_version >= '3.5'",
            "version": "==5.1.1"
        },
        "entrypoints": {
            "hashes": [
                "sha256:b706eddaa9218a19ebcd67b56818f05bb27589b1ca9e8d797b74affad4ccacd4",
                "sha256:f174b5ff827504fd3cd97cc3f8649f3693f51538c7e4bdf3ef002c8429d42f9f"
            ],
            "markers": "python_version >= '3.6'",
            "version": "==0.4"
        },
        "executing": {
            "hashes": [
                "sha256:0314a69e37426e3608aada02473b4161d4caf5a4b244d1d0c48072b8fee7bacc",
                "sha256:19da64c18d2d851112f09c287f8d3dbbdf725ab0e569077efb6cdcbd3497c107"
            ],
            "version": "==1.2.0"
        },
        "ipykernel": {
            "hashes": [
                "sha256:3a9a1b2ad6dbbd5879855aabb4557f08e63fa2208bffed897f03070e2bb436f6",
                "sha256:e178c1788399f93a459c241fe07c3b810771c607b1fb064a99d2c5d40c90c5d4"
            ],
            "index": "pypi",
            "version": "==6.17.1"
        },
        "ipython": {
            "hashes": [
                "sha256:7c959e3dedbf7ed81f9b9d8833df252c430610e2a4a6464ec13cd20975ce20a5",
                "sha256:91ef03016bcf72dd17190f863476e7c799c6126ec7e8be97719d1bc9a78a59a4"
            ],
            "markers": "python_version >= '3.8'",
            "version": "==8.6.0"
        },
        "jedi": {
            "hashes": [
                "sha256:637c9635fcf47945ceb91cd7f320234a7be540ded6f3e99a50cb6febdfd1ba8d",
                "sha256:74137626a64a99c8eb6ae5832d99b3bdd7d29a3850fe2aa80a4126b2a7d949ab"
            ],
            "markers": "python_version >= '3.6'",
            "version": "==0.18.1"
        },
        "jupyter-client": {
            "hashes": [
                "sha256:63eae06c40e1f2d9afa14447511fddc065c95dea3f2491fda2acccf91221954a",
                "sha256:feaad9c04871254067d3b8c41192b7aba8e9bbbf9df9830ecf2673939510c5b7"
            ],
            "markers": "python_version >= '3.7'",
            "version": "==7.4.5"
        },
        "jupyter-core": {
            "hashes": [
                "sha256:4ed68b7c606197c7e344a24b7195eef57898157075a69655a886074b6beb7043",
                "sha256:6da1fae48190da8551e1b5dbbb19d51d00b079d59a073c7030407ecaf96dbb1e"
            ],
            "markers": "python_version >= '3.8'",
            "version": "==5.0.0"
        },
        "matplotlib-inline": {
            "hashes": [
                "sha256:f1f41aab5328aa5aaea9b16d083b128102f8712542f819fe7e6a420ff581b311",
                "sha256:f887e5f10ba98e8d2b150ddcf4702c1e5f8b3a20005eb0f74bfdbd360ee6f304"
            ],
            "markers": "python_version >= '3.5'",
            "version": "==0.1.6"
        },
        "nest-asyncio": {
            "hashes": [
                "sha256:b9a953fb40dceaa587d109609098db21900182b16440652454a146cffb06e8b8",
                "sha256:d267cc1ff794403f7df692964d1d2a3fa9418ffea2a3f6859a439ff482fef290"
            ],
            "markers": "python_version >= '3.5'",
            "version": "==1.5.6"
        },
        "packaging": {
            "hashes": [
                "sha256:dd47c42927d89ab911e606518907cc2d3a1f38bbd026385970643f9c5b8ecfeb",
                "sha256:ef103e05f519cdc783ae24ea4e2e0f508a9c99b2d4969652eed6a2e1ea5bd522"
            ],
            "markers": "python_version >= '3.6'",
            "version": "==21.3"
        },
        "parso": {
            "hashes": [
                "sha256:8c07be290bb59f03588915921e29e8a50002acaf2cdc5fa0e0114f91709fafa0",
                "sha256:c001d4636cd3aecdaf33cbb40aebb59b094be2a74c556778ef5576c175e19e75"
            ],
            "markers": "python_version >= '3.6'",
            "version": "==0.8.3"
        },
        "pexpect": {
            "hashes": [
                "sha256:0b48a55dcb3c05f3329815901ea4fc1537514d6ba867a152b581d69ae3710937",
                "sha256:fc65a43959d153d0114afe13997d439c22823a27cefceb5ff35c2178c6784c0c"
            ],
            "markers": "sys_platform != 'win32'",
            "version": "==4.8.0"
        },
        "pickleshare": {
            "hashes": [
                "sha256:87683d47965c1da65cdacaf31c8441d12b8044cdec9aca500cd78fc2c683afca",
                "sha256:9649af414d74d4df115d5d718f82acb59c9d418196b7b4290ed47a12ce62df56"
            ],
            "version": "==0.7.5"
        },
        "platformdirs": {
            "hashes": [
                "sha256:0cb405749187a194f444c25c82ef7225232f11564721eabffc6ec70df83b11cb",
                "sha256:6e52c21afff35cb659c6e52d8b4d61b9bd544557180440538f255d9382c8cbe0"
            ],
            "markers": "python_version >= '3.7'",
            "version": "==2.5.3"
        },
        "prompt-toolkit": {
            "hashes": [
                "sha256:24becda58d49ceac4dc26232eb179ef2b21f133fecda7eed6018d341766ed76e",
                "sha256:e7f2129cba4ff3b3656bbdda0e74ee00d2f874a8bcdb9dd16f5fec7b3e173cae"
            ],
            "markers": "python_full_version >= '3.6.2'",
            "version": "==3.0.32"
        },
        "psutil": {
            "hashes": [
                "sha256:149555f59a69b33f056ba1c4eb22bb7bf24332ce631c44a319cec09f876aaeff",
                "sha256:16653106f3b59386ffe10e0bad3bb6299e169d5327d3f187614b1cb8f24cf2e1",
                "sha256:3d7f9739eb435d4b1338944abe23f49584bde5395f27487d2ee25ad9a8774a62",
                "sha256:3ff89f9b835100a825b14c2808a106b6fdcc4b15483141482a12c725e7f78549",
                "sha256:54c0d3d8e0078b7666984e11b12b88af2db11d11249a8ac8920dd5ef68a66e08",
                "sha256:54d5b184728298f2ca8567bf83c422b706200bcbbfafdc06718264f9393cfeb7",
                "sha256:6001c809253a29599bc0dfd5179d9f8a5779f9dffea1da0f13c53ee568115e1e",
                "sha256:68908971daf802203f3d37e78d3f8831b6d1014864d7a85937941bb35f09aefe",
                "sha256:6b92c532979bafc2df23ddc785ed116fced1f492ad90a6830cf24f4d1ea27d24",
                "sha256:852dd5d9f8a47169fe62fd4a971aa07859476c2ba22c2254d4a1baa4e10b95ad",
                "sha256:9120cd39dca5c5e1c54b59a41d205023d436799b1c8c4d3ff71af18535728e94",
                "sha256:c1ca331af862803a42677c120aff8a814a804e09832f166f226bfd22b56feee8",
                "sha256:efeae04f9516907be44904cc7ce08defb6b665128992a56957abc9b61dca94b7",
                "sha256:fd8522436a6ada7b4aad6638662966de0d61d241cb821239b2ae7013d41a43d4"
            ],
            "markers": "python_version >= '2.7' and python_version not in '3.0, 3.1, 3.2, 3.3'",
            "version": "==5.9.4"
        },
        "ptyprocess": {
            "hashes": [
                "sha256:4b41f3967fce3af57cc7e94b888626c18bf37a083e3651ca8feeb66d492fef35",
                "sha256:5c5d0a3b48ceee0b48485e0c26037c0acd7d29765ca3fbb5cb3831d347423220"
            ],
            "version": "==0.7.0"
        },
        "pure-eval": {
            "hashes": [
                "sha256:01eaab343580944bc56080ebe0a674b39ec44a945e6d09ba7db3cb8cec289350",
                "sha256:2b45320af6dfaa1750f543d714b6d1c520a1688dec6fd24d339063ce0aaa9ac3"
            ],
            "version": "==0.2.2"
        },
        "pygments": {
            "hashes": [
                "sha256:56a8508ae95f98e2b9bdf93a6be5ae3f7d8af858b43e02c5a2ff083726be40c1",
                "sha256:f643f331ab57ba3c9d89212ee4a2dabc6e94f117cf4eefde99a0574720d14c42"
            ],
            "markers": "python_version >= '3.6'",
            "version": "==2.13.0"
        },
        "pyparsing": {
            "hashes": [
                "sha256:2b020ecf7d21b687f219b71ecad3631f644a47f01403fa1d1036b0c6416d70fb",
                "sha256:5026bae9a10eeaefb61dab2f09052b9f4307d44aee4eda64b309723d8d206bbc"
            ],
            "markers": "python_full_version >= '3.6.8'",
            "version": "==3.0.9"
        },
        "python-dateutil": {
            "hashes": [
                "sha256:0123cacc1627ae19ddf3c27a5de5bd67ee4586fbdd6440d9748f8abb483d3e86",
                "sha256:961d03dc3453ebbc59dbdea9e4e11c5651520a876d0f4db161e8674aae935da9"
            ],
            "markers": "python_version >= '2.7' and python_version not in '3.0, 3.1, 3.2, 3.3'",
            "version": "==2.8.2"
        },
        "pyzmq": {
            "hashes": [
                "sha256:0108358dab8c6b27ff6b985c2af4b12665c1bc659648284153ee501000f5c107",
                "sha256:07bec1a1b22dacf718f2c0e71b49600bb6a31a88f06527dfd0b5aababe3fa3f7",
                "sha256:0e8f482c44ccb5884bf3f638f29bea0f8dc68c97e38b2061769c4cb697f6140d",
                "sha256:0ec91f1bad66f3ee8c6deb65fa1fe418e8ad803efedd69c35f3b5502f43bd1dc",
                "sha256:0f14cffd32e9c4c73da66db97853a6aeceaac34acdc0fae9e5bbc9370281864c",
                "sha256:15975747462ec49fdc863af906bab87c43b2491403ab37a6d88410635786b0f4",
                "sha256:1724117bae69e091309ffb8255412c4651d3f6355560d9af312d547f6c5bc8b8",
                "sha256:1a7c280185c4da99e0cc06c63bdf91f5b0b71deb70d8717f0ab870a43e376db8",
                "sha256:1b7928bb7580736ffac5baf814097be342ba08d3cfdfb48e52773ec959572287",
                "sha256:2032d9cb994ce3b4cba2b8dfae08c7e25bc14ba484c770d4d3be33c27de8c45b",
                "sha256:20e7eeb1166087db636c06cae04a1ef59298627f56fb17da10528ab52a14c87f",
                "sha256:216f5d7dbb67166759e59b0479bca82b8acf9bed6015b526b8eb10143fb08e77",
                "sha256:28b119ba97129d3001673a697b7cce47fe6de1f7255d104c2f01108a5179a066",
                "sha256:3104f4b084ad5d9c0cb87445cc8cfd96bba710bef4a66c2674910127044df209",
                "sha256:3e6192dbcefaaa52ed81be88525a54a445f4b4fe2fffcae7fe40ebb58bd06bfd",
                "sha256:42d4f97b9795a7aafa152a36fe2ad44549b83a743fd3e77011136def512e6c2a",
                "sha256:44e706bac34e9f50779cb8c39f10b53a4d15aebb97235643d3112ac20bd577b4",
                "sha256:47b11a729d61a47df56346283a4a800fa379ae6a85870d5a2e1e4956c828eedc",
                "sha256:4854f9edc5208f63f0841c0c667260ae8d6846cfa233c479e29fdc85d42ebd58",
                "sha256:48f721f070726cd2a6e44f3c33f8ee4b24188e4b816e6dd8ba542c8c3bb5b246",
                "sha256:52afb0ac962963fff30cf1be775bc51ae083ef4c1e354266ab20e5382057dd62",
                "sha256:54d8b9c5e288362ec8595c1d98666d36f2070fd0c2f76e2b3c60fbad9bd76227",
                "sha256:5bd3d7dfd9cd058eb68d9a905dec854f86649f64d4ddf21f3ec289341386c44b",
                "sha256:613010b5d17906c4367609e6f52e9a2595e35d5cc27d36ff3f1b6fa6e954d944",
                "sha256:624321120f7e60336be8ec74a172ae7fba5c3ed5bf787cc85f7e9986c9e0ebc2",
                "sha256:65c94410b5a8355cfcf12fd600a313efee46ce96a09e911ea92cf2acf6708804",
                "sha256:6640f83df0ae4ae1104d4c62b77e9ef39be85ebe53f636388707d532bee2b7b8",
                "sha256:687700f8371643916a1d2c61f3fdaa630407dd205c38afff936545d7b7466066",
                "sha256:77c2713faf25a953c69cf0f723d1b7dd83827b0834e6c41e3fb3bbc6765914a1",
                "sha256:78068e8678ca023594e4a0ab558905c1033b2d3e806a0ad9e3094e231e115a33",
                "sha256:7a23ccc1083c260fa9685c93e3b170baba45aeed4b524deb3f426b0c40c11639",
                "sha256:7abddb2bd5489d30ffeb4b93a428130886c171b4d355ccd226e83254fcb6b9ef",
                "sha256:80093b595921eed1a2cead546a683b9e2ae7f4a4592bb2ab22f70d30174f003a",
                "sha256:8242543c522d84d033fe79be04cb559b80d7eb98ad81b137ff7e0a9020f00ace",
                "sha256:838812c65ed5f7c2bd11f7b098d2e5d01685a3f6d1f82849423b570bae698c00",
                "sha256:83ea1a398f192957cb986d9206ce229efe0ee75e3c6635baff53ddf39bd718d5",
                "sha256:8421aa8c9b45ea608c205db9e1c0c855c7e54d0e9c2c2f337ce024f6843cab3b",
                "sha256:858375573c9225cc8e5b49bfac846a77b696b8d5e815711b8d4ba3141e6e8879",
                "sha256:86de64468cad9c6d269f32a6390e210ca5ada568c7a55de8e681ca3b897bb340",
                "sha256:87f7ac99b15270db8d53f28c3c7b968612993a90a5cf359da354efe96f5372b4",
                "sha256:8bad8210ad4df68c44ff3685cca3cda448ee46e20d13edcff8909eba6ec01ca4",
                "sha256:8bb4af15f305056e95ca1bd086239b9ebc6ad55e9f49076d27d80027f72752f6",
                "sha256:8c78bfe20d4c890cb5580a3b9290f700c570e167d4cdcc55feec07030297a5e3",
                "sha256:8f3f3154fde2b1ff3aa7b4f9326347ebc89c8ef425ca1db8f665175e6d3bd42f",
                "sha256:94010bd61bc168c103a5b3b0f56ed3b616688192db7cd5b1d626e49f28ff51b3",
                "sha256:941fab0073f0a54dc33d1a0460cb04e0d85893cb0c5e1476c785000f8b359409",
                "sha256:9dca7c3956b03b7663fac4d150f5e6d4f6f38b2462c1e9afd83bcf7019f17913",
                "sha256:a180dbd5ea5d47c2d3b716d5c19cc3fb162d1c8db93b21a1295d69585bfddac1",
                "sha256:a2712aee7b3834ace51738c15d9ee152cc5a98dc7d57dd93300461b792ab7b43",
                "sha256:a435ef8a3bd95c8a2d316d6e0ff70d0db524f6037411652803e118871d703333",
                "sha256:abb756147314430bee5d10919b8493c0ccb109ddb7f5dfd2fcd7441266a25b75",
                "sha256:abe6eb10122f0d746a0d510c2039ae8edb27bc9af29f6d1b05a66cc2401353ff",
                "sha256:acbd0a6d61cc954b9f535daaa9ec26b0a60a0d4353c5f7c1438ebc88a359a47e",
                "sha256:ae08ac90aa8fa14caafc7a6251bd218bf6dac518b7bff09caaa5e781119ba3f2",
                "sha256:ae61446166983c663cee42c852ed63899e43e484abf080089f771df4b9d272ef",
                "sha256:afe1f3bc486d0ce40abb0a0c9adb39aed3bbac36ebdc596487b0cceba55c21c1",
                "sha256:b946da90dc2799bcafa682692c1d2139b2a96ec3c24fa9fc6f5b0da782675330",
                "sha256:b947e264f0e77d30dcbccbb00f49f900b204b922eb0c3a9f0afd61aaa1cedc3d",
                "sha256:bb5635c851eef3a7a54becde6da99485eecf7d068bd885ac8e6d173c4ecd68b0",
                "sha256:bcbebd369493d68162cddb74a9c1fcebd139dfbb7ddb23d8f8e43e6c87bac3a6",
                "sha256:c31805d2c8ade9b11feca4674eee2b9cce1fec3e8ddb7bbdd961a09dc76a80ea",
                "sha256:c8840f064b1fb377cffd3efeaad2b190c14d4c8da02316dae07571252d20b31f",
                "sha256:ccb94342d13e3bf3ffa6e62f95b5e3f0bc6bfa94558cb37f4b3d09d6feb536ff",
                "sha256:d66689e840e75221b0b290b0befa86f059fb35e1ee6443bce51516d4d61b6b99",
                "sha256:dabf1a05318d95b1537fd61d9330ef4313ea1216eea128a17615038859da3b3b",
                "sha256:db03704b3506455d86ec72c3358a779e9b1d07b61220dfb43702b7b668edcd0d",
                "sha256:de4217b9eb8b541cf2b7fde4401ce9d9a411cc0af85d410f9d6f4333f43640be",
                "sha256:df0841f94928f8af9c7a1f0aaaffba1fb74607af023a152f59379c01c53aee58",
                "sha256:dfb992dbcd88d8254471760879d48fb20836d91baa90f181c957122f9592b3dc",
                "sha256:e7e66b4e403c2836ac74f26c4b65d8ac0ca1eef41dfcac2d013b7482befaad83",
                "sha256:e8012bce6836d3f20a6c9599f81dfa945f433dab4dbd0c4917a6fb1f998ab33d",
                "sha256:f01de4ec083daebf210531e2cca3bdb1608dbbbe00a9723e261d92087a1f6ebc",
                "sha256:f0d945a85b70da97ae86113faf9f1b9294efe66bd4a5d6f82f2676d567338b66",
                "sha256:fa0ae3275ef706c0309556061185dd0e4c4cd3b7d6f67ae617e4e677c7a41e2e"
            ],
            "markers": "python_version >= '3.6'",
            "version": "==24.0.1"
        },
        "six": {
            "hashes": [
                "sha256:1e61c37477a1626458e36f7b1d82aa5c9b094fa4802892072e49de9c60c4c926",
                "sha256:8abb2f1d86890a2dfb989f9a77cfcfd3e47c2a354b01111771326f8aa26e0254"
            ],
            "markers": "python_version >= '2.7' and python_version not in '3.0, 3.1, 3.2, 3.3'",
            "version": "==1.16.0"
        },
        "stack-data": {
            "hashes": [
                "sha256:8e515439f818efaa251036af72d89e4026e2b03993f3453c000b200fb4f2d6aa",
                "sha256:b92d206ef355a367d14316b786ab41cb99eb453a21f2cb216a4204625ff7bc07"
            ],
            "version": "==0.6.0"
        },
        "tornado": {
            "hashes": [
                "sha256:1d54d13ab8414ed44de07efecb97d4ef7c39f7438cf5e976ccd356bebb1b5fca",
                "sha256:20f638fd8cc85f3cbae3c732326e96addff0a15e22d80f049e00121651e82e72",
                "sha256:5c87076709343557ef8032934ce5f637dbb552efa7b21d08e89ae7619ed0eb23",
                "sha256:5f8c52d219d4995388119af7ccaa0bcec289535747620116a58d830e7c25d8a8",
                "sha256:6fdfabffd8dfcb6cf887428849d30cf19a3ea34c2c248461e1f7d718ad30b66b",
                "sha256:87dcafae3e884462f90c90ecc200defe5e580a7fbbb4365eda7c7c1eb809ebc9",
                "sha256:9b630419bde84ec666bfd7ea0a4cb2a8a651c2d5cccdbdd1972a0c859dfc3c13",
                "sha256:b8150f721c101abdef99073bf66d3903e292d851bee51910839831caba341a75",
                "sha256:ba09ef14ca9893954244fd872798b4ccb2367c165946ce2dd7376aebdde8e3ac",
                "sha256:d3a2f5999215a3a06a4fc218026cd84c61b8b2b40ac5296a6db1f1451ef04c1e",
                "sha256:e5f923aa6a47e133d1cf87d60700889d7eae68988704e20c75fb2d65677a8e4b"
            ],
            "markers": "python_version >= '3.7'",
            "version": "==6.2"
        },
        "traitlets": {
            "hashes": [
                "sha256:1201b2c9f76097195989cdf7f65db9897593b0dfd69e4ac96016661bb6f0d30f",
                "sha256:b122f9ff2f2f6c1709dab289a05555be011c87828e911c0cf4074b85cb780a79"
            ],
            "markers": "python_version >= '3.7'",
            "version": "==5.5.0"
        },
        "wcwidth": {
            "hashes": [
                "sha256:beb4802a9cebb9144e99086eff703a642a13d6a0052920003a230f3294bbe784",
                "sha256:c4d647b99872929fdb7bdcaa4fbe7f01413ed3d98077df798530e5b04f116c83"
            ],
            "version": "==0.2.5"
        }
    }
}
